
Microsoft Visual Studio Solution File, Format Version 12.00
# Visual Studio Version 17
VisualStudioVersion = 17.3.32922.545
MinimumVisualStudioVersion = 10.0.40219.1
Project("{9A19103F-16F7-4668-BE54-9A1E7A4F7556}") = "AttendeesAPI", "AttendeesAPI\AttendeesAPI.csproj", "{AF574137-BB9F-4902-A4B7-F01199F07140}"
EndProject
Project("{9A19103F-16F7-4668-BE54-9A1E7A4F7556}") = "AttendeesMAUIApp", "AttendeesMAUIApp\AttendeesMAUIApp.csproj", "{B1A82380-43C2-400B-98BE-AA1F53A97CBF}"
EndProject
Project("{FAE04EC0-301F-11D3-BF4B-00C04F79EFBC}") = "AttendeesDTOs", "AttendeesDTOs\AttendeesDTOs.csproj", "{F2EE6998-93AA-4839-8853-9A59EFC3EC1D}"
EndProject
Global
	GlobalSection(SolutionConfigurationPlatforms) = preSolution
		Debug|Any CPU = Debug|Any CPU
		Release|Any CPU = Release|Any CPU
	EndGlobalSection
	GlobalSection(ProjectConfigurationPlatforms) = postSolution
		{AF574137-BB9F-4902-A4B7-F01199F07140}.Debug|Any CPU.ActiveCfg = Debug|Any CPU
		{AF574137-BB9F-4902-A4B7-F01199F07140}.Debug|Any CPU.Build.0 = Debug|Any CPU
		{AF574137-BB9F-4902-A4B7-F01199F07140}.Release|Any CPU.ActiveCfg = Release|Any CPU
		{AF574137-BB9F-4902-A4B7-F01199F07140}.Release|Any CPU.Build.0 = Release|Any CPU
		{B1A82380-43C2-400B-98BE-AA1F53A97CBF}.Debug|Any CPU.ActiveCfg = Debug|Any CPU
		{B1A82380-43C2-400B-98BE-AA1F53A97CBF}.Debug|Any CPU.Build.0 = Debug|Any CPU
		{B1A82380-43C2-400B-98BE-AA1F53A97CBF}.Debug|Any CPU.Deploy.0 = Debug|Any CPU
		{B1A82380-43C2-400B-98BE-AA1F53A97CBF}.Release|Any CPU.ActiveCfg = Release|Any CPU
		{B1A82380-43C2-400B-98BE-AA1F53A97CBF}.Release|Any CPU.Build.0 = Release|Any CPU
		{B1A82380-43C2-400B-98BE-AA1F53A97CBF}.Release|Any CPU.Deploy.0 = Release|Any CPU
		{F2EE6998-93AA-4839-8853-9A59EFC3EC1D}.Debug|Any CPU.ActiveCfg = Debug|Any CPU
		{F2EE6998-93AA-4839-8853-9A59EFC3EC1D}.Debug|Any CPU.Build.0 = Debug|Any CPU
		{F2EE6998-93AA-4839-8853-9A59EFC3EC1D}.Release|Any CPU.ActiveCfg = Release|Any CPU
		{F2EE6998-93AA-4839-8853-9A59EFC3EC1D}.Release|Any CPU.Build.0 = Release|Any CPU
	EndGlobalSection
	GlobalSection(SolutionProperties) = preSolution
		HideSolutionNode = FALSE
	EndGlobalSection
	GlobalSection(ExtensibilityGlobals) = postSolution
		SolutionGuid = {B64F9CB3-C8FB-48C4-96B9-3344BC1730A8}
	EndGlobalSection
EndGlobal
